# Versions required to reproduce this repository.
vivado_version = "2025.2"
vivado_build = "6299465"
fpga_part = "xczu19eg-ffvc1760-2-e"
qdma_ip_version = "5.1"
ddr4_ip_version = "2.2"
axi_clock_converter_ip_version = "2.1"
zynq_ultra_ps_e_ip_version = "3.5"
axi_interconnect_ip_version = "2.1"
qdma_driver_commit = "3cf1905"
target_os = "Ubuntu 22.04.5"
target_kernel = "6.8.0"
gpu = "NVIDIA RTX 5070 Ti"
nvidia_driver_version = "595.91.07-open"
cuda_version = "13.2 headers"
